
Microsoft Visual Studio Solution File, Format Version 12.00
# Visual Studio Version 16
VisualStudioVersion = 16.0.31702.278
MinimumVisualStudioVersion = 10.0.40219.1
Project("{FAE04EC0-301F-11D3-BF4B-00C04F79EFBC}") = "SW1LibraryManagementSystem", "SW1LibraryManagementSystem\SW1LibraryManagementSystem.csproj", "{82C25FCC-AB4E-4BB1-B79E-BBFEC4123A82}"
EndProject
Global
	GlobalSection(SolutionConfigurationPlatforms) = preSolution
		Debug|Any CPU = Debug|Any CPU
		Release|Any CPU = Release|Any CPU
	EndGlobalSection
	GlobalSection(ProjectConfigurationPlatforms) = postSolution
		{82C25FCC-AB4E-4BB1-B79E-BBFEC4123A82}.Debug|Any CPU.ActiveCfg = Debug|Any CPU
		{82C25FCC-AB4E-4BB1-B79E-BBFEC4123A82}.Debug|Any CPU.Build.0 = Debug|Any CPU
		{82C25FCC-AB4E-4BB1-B79E-BBFEC4123A82}.Release|Any CPU.ActiveCfg = Release|Any CPU
		{82C25FCC-AB4E-4BB1-B79E-BBFEC4123A82}.Release|Any CPU.Build.0 = Release|Any CPU
	EndGlobalSection
	GlobalSection(SolutionProperties) = preSolution
		HideSolutionNode = FALSE
	EndGlobalSection
	GlobalSection(ExtensibilityGlobals) = postSolution
		SolutionGuid = {7025C45A-429A-4B19-9391-41F22415BED0}
	EndGlobalSection
EndGlobal
